# This file is automatically @generated by Cargo.
# It is not intended for manual editing.
version = 3

[[package]]
name = "problem1"
version = "0.0.1"

[[package]]
name = "problem10"
version = "0.0.1"
dependencies = [
 "utils",
]

[[package]]
name = "problem11"
version = "0.0.1"
dependencies = [
 "utils",
]

[[package]]
name = "problem12"
version = "0.0.1"
dependencies = [
 "utils",
]

[[package]]
name = "problem2"
version = "0.0.1"

[[package]]
name = "problem3"
version = "0.0.1"
dependencies = [
 "utils",
]

[[package]]
name = "problem4"
version = "0.0.1"

[[package]]
name = "problem5"
version = "0.0.1"
dependencies = [
 "utils",
]

[[package]]
name = "problem6"
version = "0.0.1"

[[package]]
name = "problem7"
version = "0.0.1"
dependencies = [
 "utils",
]

[[package]]
name = "problem8"
version = "0.0.1"
dependencies = [
 "utils",
]

[[package]]
name = "problem9"
version = "0.0.1"
dependencies = [
 "utils",
]

[[package]]
name = "project-euler"
version = "0.1.0"
dependencies = [
 "problem1",
 "problem10",
 "problem11",
 "problem12",
 "problem2",
 "problem3",
 "problem4",
 "problem5",
 "problem6",
 "problem7",
 "problem8",
 "problem9",
 "utils",
]

[[package]]
name = "utils"
version = "0.0.1"
